{
  "version": 4,
  "terraform_version": "0.14.4",
  "serial": 11,
  "lineage": "a7ab995d-1f9c-8267-6202-98f1e2636fbe",
  "outputs": {},
  "resources": [
    {
      "mode": "managed",
      "type": "docker_image",
      "name": "nodered_image",
      "provider": "provider[\"registry.terraform.io/kreuzwerker/docker\"]",
      "instances": [
        {
          "schema_version": 0,
          "attributes": {
            "build": [],
            "id": "sha256:0bd9a1d2200474e7471bada2eb633f7193320ee47cb3b8aa34326d19f7f485c6nodered/node-red-docker:v8",
            "keep_locally": null,
            "latest": "sha256:0bd9a1d2200474e7471bada2eb633f7193320ee47cb3b8aa34326d19f7f485c6",
            "name": "nodered/node-red-docker:v8",
            "output": null,
            "pull_trigger": null,
            "pull_triggers": null
          },
          "sensitive_attributes": []
        }
      ]
    }
  ]
}
